// !$*UTF8*$!
{
	archiveVersion = 1;
	classes = {
	};
	objectVersion = 56;
	objects = {

/* Begin PBXBuildFile section */
		D9045A3A290ACAF400CA8967 /* AppDelegate.swift in Sources */ = {isa = PBXBuildFile; fileRef = D9045A39290ACAF400CA8967 /* AppDelegate.swift */; };
		D9045A3C290ACAF400CA8967 /* SceneDelegate.swift in Sources */ = {isa = PBXBuildFile; fileRef = D9045A3B290ACAF400CA8967 /* SceneDelegate.swift */; };
		D9045A3E290ACAF400CA8967 /* ViewController.swift in Sources */ = {isa = PBXBuildFile; fileRef = D9045A3D290ACAF400CA8967 /* ViewController.swift */; };
		D9045A43290ACAF500CA8967 /* Assets.xcassets in Resources */ = {isa = PBXBuildFile; fileRef = D9045A42290ACAF500CA8967 /* Assets.xcassets */; };
		D9045A46290ACAF500CA8967 /* LaunchScreen.storyboard in Resources */ = {isa = PBXBuildFile; fileRef = D9045A44290ACAF500CA8967 /* LaunchScreen.storyboard */; };
		D9045A4F290ACB2100CA8967 /* norican.regular.ttf in Resources */ = {isa = PBXBuildFile; fileRef = D9045A4E290ACB2100CA8967 /* norican.regular.ttf */; };
		D9045A5A290AFABE00CA8967 /* SentFeedbackViewController.swift in Sources */ = {isa = PBXBuildFile; fileRef = D9045A59290AFABE00CA8967 /* SentFeedbackViewController.swift */; };
		D9045A5C290AFB5900CA8967 /* EmployeeView.swift in Sources */ = {isa = PBXBuildFile; fileRef = D9045A5B290AFB5900CA8967 /* EmployeeView.swift */; };
		D9045A5E290AFB8B00CA8967 /* RHView.swift in Sources */ = {isa = PBXBuildFile; fileRef = D9045A5D290AFB8B00CA8967 /* RHView.swift */; };
		D9045A60290AFB9E00CA8967 /* ViewProfileViewController.swift in Sources */ = {isa = PBXBuildFile; fileRef = D9045A5F290AFB9E00CA8967 /* ViewProfileViewController.swift */; };
		D9045A62290AFBAD00CA8967 /* HomeViewController.swift in Sources */ = {isa = PBXBuildFile; fileRef = D9045A61290AFBAD00CA8967 /* HomeViewController.swift */; };
		D9045A64290AFBC000CA8967 /* FeedbackViewController.swift in Sources */ = {isa = PBXBuildFile; fileRef = D9045A63290AFBC000CA8967 /* FeedbackViewController.swift */; };
		D9045A66290AFBD600CA8967 /* RegisterViewController.swift in Sources */ = {isa = PBXBuildFile; fileRef = D9045A65290AFBD600CA8967 /* RegisterViewController.swift */; };
		D9045A68290AFBE800CA8967 /* LoginViewController.swift in Sources */ = {isa = PBXBuildFile; fileRef = D9045A67290AFBE800CA8967 /* LoginViewController.swift */; };
		D9045A6B290AFC1A00CA8967 /* FontManager.swift in Sources */ = {isa = PBXBuildFile; fileRef = D9045A6A290AFC1A00CA8967 /* FontManager.swift */; };
/* End PBXBuildFile section */

/* Begin PBXFileReference section */
		D9045A36290ACAF400CA8967 /* Feedback-App.app */ = {isa = PBXFileReference; explicitFileType = wrapper.application; includeInIndex = 0; path = "Feedback-App.app"; sourceTree = BUILT_PRODUCTS_DIR; };
		D9045A39290ACAF400CA8967 /* AppDelegate.swift */ = {isa = PBXFileReference; lastKnownFileType = sourcecode.swift; path = AppDelegate.swift; sourceTree = "<group>"; };
		D9045A3B290ACAF400CA8967 /* SceneDelegate.swift */ = {isa = PBXFileReference; lastKnownFileType = sourcecode.swift; path = SceneDelegate.swift; sourceTree = "<group>"; };
		D9045A3D290ACAF400CA8967 /* ViewController.swift */ = {isa = PBXFileReference; lastKnownFileType = sourcecode.swift; path = ViewController.swift; sourceTree = "<group>"; };
		D9045A42290ACAF500CA8967 /* Assets.xcassets */ = {isa = PBXFileReference; lastKnownFileType = folder.assetcatalog; path = Assets.xcassets; sourceTree = "<group>"; };
		D9045A45290ACAF500CA8967 /* Base */ = {isa = PBXFileReference; lastKnownFileType = file.storyboard; name = Base; path = Base.lproj/LaunchScreen.storyboard; sourceTree = "<group>"; };
		D9045A47290ACAF500CA8967 /* Info.plist */ = {isa = PBXFileReference; lastKnownFileType = text.plist.xml; path = Info.plist; sourceTree = "<group>"; };
		D9045A4E290ACB2100CA8967 /* norican.regular.ttf */ = {isa = PBXFileReference; lastKnownFileType = file; name = norican.regular.ttf; path = ../../../../../Downloads/norican.regular.ttf; sourceTree = "<group>"; };
		D9045A59290AFABE00CA8967 /* SentFeedbackViewController.swift */ = {isa = PBXFileReference; lastKnownFileType = sourcecode.swift; path = SentFeedbackViewController.swift; sourceTree = "<group>"; };
		D9045A5B290AFB5900CA8967 /* EmployeeView.swift */ = {isa = PBXFileReference; lastKnownFileType = sourcecode.swift; path = EmployeeView.swift; sourceTree = "<group>"; };
		D9045A5D290AFB8B00CA8967 /* RHView.swift */ = {isa = PBXFileReference; lastKnownFileType = sourcecode.swift; path = RHView.swift; sourceTree = "<group>"; };
		D9045A5F290AFB9E00CA8967 /* ViewProfileViewController.swift */ = {isa = PBXFileReference; lastKnownFileType = sourcecode.swift; path = ViewProfileViewController.swift; sourceTree = "<group>"; };
		D9045A61290AFBAD00CA8967 /* HomeViewController.swift */ = {isa = PBXFileReference; lastKnownFileType = sourcecode.swift; path = HomeViewController.swift; sourceTree = "<group>"; };
		D9045A63290AFBC000CA8967 /* FeedbackViewController.swift */ = {isa = PBXFileReference; lastKnownFileType = sourcecode.swift; path = FeedbackViewController.swift; sourceTree = "<group>"; };
		D9045A65290AFBD600CA8967 /* RegisterViewController.swift */ = {isa = PBXFileReference; lastKnownFileType = sourcecode.swift; path = RegisterViewController.swift; sourceTree = "<group>"; };
		D9045A67290AFBE800CA8967 /* LoginViewController.swift */ = {isa = PBXFileReference; lastKnownFileType = sourcecode.swift; path = LoginViewController.swift; sourceTree = "<group>"; };
		D9045A6A290AFC1A00CA8967 /* FontManager.swift */ = {isa = PBXFileReference; lastKnownFileType = sourcecode.swift; path = FontManager.swift; sourceTree = "<group>"; };
/* End PBXFileReference section */

/* Begin PBXFrameworksBuildPhase section */
		D9045A33290ACAF400CA8967 /* Frameworks */ = {
			isa = PBXFrameworksBuildPhase;
			buildActionMask = 2147483647;
			files = (
			);
			runOnlyForDeploymentPostprocessing = 0;
		};
/* End PBXFrameworksBuildPhase section */

/* Begin PBXGroup section */
		D9045A2D290ACAF400CA8967 = {
			isa = PBXGroup;
			children = (
				D9045A38290ACAF400CA8967 /* Feedback-App */,
				D9045A37290ACAF400CA8967 /* Products */,
			);
			sourceTree = "<group>";
		};
		D9045A37290ACAF400CA8967 /* Products */ = {
			isa = PBXGroup;
			children = (
				D9045A36290ACAF400CA8967 /* Feedback-App.app */,
			);
			name = Products;
			sourceTree = "<group>";
		};
		D9045A38290ACAF400CA8967 /* Feedback-App */ = {
			isa = PBXGroup;
			children = (
				D9045A4D290ACB0C00CA8967 /* Font */,
				D9045A57290ACC6100CA8967 /* Sent Feedback */,
				D9045A54290ACC3800CA8967 /* Feedback */,
				D9045A53290ACC2200CA8967 /* View Profile */,
				D9045A52290ACC1C00CA8967 /* Home */,
				D9045A51290ACC0E00CA8967 /* Register */,
				D9045A50290ACC0600CA8967 /* Login */,
				D9045A39290ACAF400CA8967 /* AppDelegate.swift */,
				D9045A3B290ACAF400CA8967 /* SceneDelegate.swift */,
				D9045A3D290ACAF400CA8967 /* ViewController.swift */,
				D9045A42290ACAF500CA8967 /* Assets.xcassets */,
				D9045A44290ACAF500CA8967 /* LaunchScreen.storyboard */,
				D9045A47290ACAF500CA8967 /* Info.plist */,
			);
			path = "Feedback-App";
			sourceTree = "<group>";
		};
		D9045A4D290ACB0C00CA8967 /* Font */ = {
			isa = PBXGroup;
			children = (
				D9045A4E290ACB2100CA8967 /* norican.regular.ttf */,
				D9045A6A290AFC1A00CA8967 /* FontManager.swift */,
			);
			path = Font;
			sourceTree = "<group>";
		};
		D9045A50290ACC0600CA8967 /* Login */ = {
			isa = PBXGroup;
			children = (
				D9045A67290AFBE800CA8967 /* LoginViewController.swift */,
			);
			path = Login;
			sourceTree = "<group>";
		};
		D9045A51290ACC0E00CA8967 /* Register */ = {
			isa = PBXGroup;
			children = (
				D9045A65290AFBD600CA8967 /* RegisterViewController.swift */,
			);
			path = Register;
			sourceTree = "<group>";
		};
		D9045A52290ACC1C00CA8967 /* Home */ = {
			isa = PBXGroup;
			children = (
				D9045A61290AFBAD00CA8967 /* HomeViewController.swift */,
			);
			path = Home;
			sourceTree = "<group>";
		};
		D9045A53290ACC2200CA8967 /* View Profile */ = {
			isa = PBXGroup;
			children = (
				D9045A5F290AFB9E00CA8967 /* ViewProfileViewController.swift */,
			);
			path = "View Profile";
			sourceTree = "<group>";
		};
		D9045A54290ACC3800CA8967 /* Feedback */ = {
			isa = PBXGroup;
			children = (
				D9045A56290ACC4300CA8967 /* Employee */,
				D9045A55290ACC3F00CA8967 /* RH */,
				D9045A63290AFBC000CA8967 /* FeedbackViewController.swift */,
			);
			path = Feedback;
			sourceTree = "<group>";
		};
		D9045A55290ACC3F00CA8967 /* RH */ = {
			isa = PBXGroup;
			children = (
				D9045A5D290AFB8B00CA8967 /* RHView.swift */,
			);
			path = RH;
			sourceTree = "<group>";
		};
		D9045A56290ACC4300CA8967 /* Employee */ = {
			isa = PBXGroup;
			children = (
				D9045A5B290AFB5900CA8967 /* EmployeeView.swift */,
			);
			path = Employee;
			sourceTree = "<group>";
		};
		D9045A57290ACC6100CA8967 /* Sent Feedback */ = {
			isa = PBXGroup;
			children = (
				D9045A59290AFABE00CA8967 /* SentFeedbackViewController.swift */,
			);
			path = "Sent Feedback";
			sourceTree = "<group>";
		};
/* End PBXGroup section */

/* Begin PBXNativeTarget section */
		D9045A35290ACAF400CA8967 /* Feedback-App */ = {
			isa = PBXNativeTarget;
			buildConfigurationList = D9045A4A290ACAF500CA8967 /* Build configuration list for PBXNativeTarget "Feedback-App" */;
			buildPhases = (
				D9045A32290ACAF400CA8967 /* Sources */,
				D9045A33290ACAF400CA8967 /* Frameworks */,
				D9045A34290ACAF400CA8967 /* Resources */,
			);
			buildRules = (
			);
			dependencies = (
			);
			name = "Feedback-App";
			productName = "Feedback-App";
			productReference = D9045A36290ACAF400CA8967 /* Feedback-App.app */;
			productType = "com.apple.product-type.application";
		};
/* End PBXNativeTarget section */

/* Begin PBXProject section */
		D9045A2E290ACAF400CA8967 /* Project object */ = {
			isa = PBXProject;
			attributes = {
				BuildIndependentTargetsInParallel = 1;
				LastSwiftUpdateCheck = 1400;
				LastUpgradeCheck = 1400;
				TargetAttributes = {
					D9045A35290ACAF400CA8967 = {
						CreatedOnToolsVersion = 14.0.1;
					};
				};
			};
			buildConfigurationList = D9045A31290ACAF400CA8967 /* Build configuration list for PBXProject "Feedback-App" */;
			compatibilityVersion = "Xcode 14.0";
			developmentRegion = en;
			hasScannedForEncodings = 0;
			knownRegions = (
				en,
				Base,
			);
			mainGroup = D9045A2D290ACAF400CA8967;
			productRefGroup = D9045A37290ACAF400CA8967 /* Products */;
			projectDirPath = "";
			projectRoot = "";
			targets = (
				D9045A35290ACAF400CA8967 /* Feedback-App */,
			);
		};
/* End PBXProject section */

/* Begin PBXResourcesBuildPhase section */
		D9045A34290ACAF400CA8967 /* Resources */ = {
			isa = PBXResourcesBuildPhase;
			buildActionMask = 2147483647;
			files = (
				D9045A4F290ACB2100CA8967 /* norican.regular.ttf in Resources */,
				D9045A46290ACAF500CA8967 /* LaunchScreen.storyboard in Resources */,
				D9045A43290ACAF500CA8967 /* Assets.xcassets in Resources */,
			);
			runOnlyForDeploymentPostprocessing = 0;
		};
/* End PBXResourcesBuildPhase section */

/* Begin PBXSourcesBuildPhase section */
		D9045A32290ACAF400CA8967 /* Sources */ = {
			isa = PBXSourcesBuildPhase;
			buildActionMask = 2147483647;
			files = (
				D9045A5E290AFB8B00CA8967 /* RHView.swift in Sources */,
				D9045A66290AFBD600CA8967 /* RegisterViewController.swift in Sources */,
				D9045A5C290AFB5900CA8967 /* EmployeeView.swift in Sources */,
				D9045A3E290ACAF400CA8967 /* ViewController.swift in Sources */,
				D9045A62290AFBAD00CA8967 /* HomeViewController.swift in Sources */,
				D9045A3A290ACAF400CA8967 /* AppDelegate.swift in Sources */,
				D9045A60290AFB9E00CA8967 /* ViewProfileViewController.swift in Sources */,
				D9045A5A290AFABE00CA8967 /* SentFeedbackViewController.swift in Sources */,
				D9045A64290AFBC000CA8967 /* FeedbackViewController.swift in Sources */,
				D9045A3C290ACAF400CA8967 /* SceneDelegate.swift in Sources */,
				D9045A6B290AFC1A00CA8967 /* FontManager.swift in Sources */,
				D9045A68290AFBE800CA8967 /* LoginViewController.swift in Sources */,
			);
			runOnlyForDeploymentPostprocessing = 0;
		};
/* End PBXSourcesBuildPhase section */

/* Begin PBXVariantGroup section */
		D9045A44290ACAF500CA8967 /* LaunchScreen.storyboard */ = {
			isa = PBXVariantGroup;
			children = (
				D9045A45290ACAF500CA8967 /* Base */,
			);
			name = LaunchScreen.storyboard;
			sourceTree = "<group>";
		};
/* End PBXVariantGroup section */

/* Begin XCBuildConfiguration section */
		D9045A48290ACAF500CA8967 /* Debug */ = {
			isa = XCBuildConfiguration;
			buildSettings = {
				ALWAYS_SEARCH_USER_PATHS = NO;
				CLANG_ANALYZER_NONNULL = YES;
				CLANG_ANALYZER_NUMBER_OBJECT_CONVERSION = YES_AGGRESSIVE;
				CLANG_CXX_LANGUAGE_STANDARD = "gnu++20";
				CLANG_ENABLE_MODULES = YES;
				CLANG_ENABLE_OBJC_ARC = YES;
				CLANG_ENABLE_OBJC_WEAK = YES;
				CLANG_WARN_BLOCK_CAPTURE_AUTORELEASING = YES;
				CLANG_WARN_BOOL_CONVERSION = YES;
				CLANG_WARN_COMMA = YES;
				CLANG_WARN_CONSTANT_CONVERSION = YES;
				CLANG_WARN_DEPRECATED_OBJC_IMPLEMENTATIONS = YES;
				CLANG_WARN_DIRECT_OBJC_ISA_USAGE = YES_ERROR;
				CLANG_WARN_DOCUMENTATION_COMMENTS = YES;
				CLANG_WARN_EMPTY_BODY = YES;
				CLANG_WARN_ENUM_CONVERSION = YES;
				CLANG_WARN_INFINITE_RECURSION = YES;
				CLANG_WARN_INT_CONVERSION = YES;
				CLANG_WARN_NON_LITERAL_NULL_CONVERSION = YES;
				CLANG_WARN_OBJC_IMPLICIT_RETAIN_SELF = YES;
				CLANG_WARN_OBJC_LITERAL_CONVERSION = YES;
				CLANG_WARN_OBJC_ROOT_CLASS = YES_ERROR;
				CLANG_WARN_QUOTED_INCLUDE_IN_FRAMEWORK_HEADER = YES;
				CLANG_WARN_RANGE_LOOP_ANALYSIS = YES;
				CLANG_WARN_STRICT_PROTOTYPES = YES;
				CLANG_WARN_SUSPICIOUS_MOVE = YES;
				CLANG_WARN_UNGUARDED_AVAILABILITY = YES_AGGRESSIVE;
				CLANG_WARN_UNREACHABLE_CODE = YES;
				CLANG_WARN__DUPLICATE_METHOD_MATCH = YES;
				COPY_PHASE_STRIP = NO;
				DEBUG_INFORMATION_FORMAT = dwarf;
				ENABLE_STRICT_OBJC_MSGSEND = YES;
				ENABLE_TESTABILITY = YES;
				GCC_C_LANGUAGE_STANDARD = gnu11;
				GCC_DYNAMIC_NO_PIC = NO;
				GCC_NO_COMMON_BLOCKS = YES;
				GCC_OPTIMIZATION_LEVEL = 0;
				GCC_PREPROCESSOR_DEFINITIONS = (
					"DEBUG=1",
					"$(inherited)",
				);
				GCC_WARN_64_TO_32_BIT_CONVERSION = YES;
				GCC_WARN_ABOUT_RETURN_TYPE = YES_ERROR;
				GCC_WARN_UNDECLARED_SELECTOR = YES;
				GCC_WARN_UNINITIALIZED_AUTOS = YES_AGGRESSIVE;
				GCC_WARN_UNUSED_FUNCTION = YES;
				GCC_WARN_UNUSED_VARIABLE = YES;
				IPHONEOS_DEPLOYMENT_TARGET = 16.0;
				MTL_ENABLE_DEBUG_INFO = INCLUDE_SOURCE;
				MTL_FAST_MATH = YES;
				ONLY_ACTIVE_ARCH = YES;
				SDKROOT = iphoneos;
				SWIFT_ACTIVE_COMPILATION_CONDITIONS = DEBUG;
				SWIFT_OPTIMIZATION_LEVEL = "-Onone";
			};
			name = Debug;
		};
		D9045A49290ACAF500CA8967 /* Release */ = {
			isa = XCBuildConfiguration;
			buildSettings = {
				ALWAYS_SEARCH_USER_PATHS = NO;
				CLANG_ANALYZER_NONNULL = YES;
				CLANG_ANALYZER_NUMBER_OBJECT_CONVERSION = YES_AGGRESSIVE;
				CLANG_CXX_LANGUAGE_STANDARD = "gnu++20";
				CLANG_ENABLE_MODULES = YES;
				CLANG_ENABLE_OBJC_ARC = YES;
				CLANG_ENABLE_OBJC_WEAK = YES;
				CLANG_WARN_BLOCK_CAPTURE_AUTORELEASING = YES;
				CLANG_WARN_BOOL_CONVERSION = YES;
				CLANG_WARN_COMMA = YES;
				CLANG_WARN_CONSTANT_CONVERSION = YES;
				CLANG_WARN_DEPRECATED_OBJC_IMPLEMENTATIONS = YES;
				CLANG_WARN_DIRECT_OBJC_ISA_USAGE = YES_ERROR;
				CLANG_WARN_DOCUMENTATION_COMMENTS = YES;
				CLANG_WARN_EMPTY_BODY = YES;
				CLANG_WARN_ENUM_CONVERSION = YES;
				CLANG_WARN_INFINITE_RECURSION = YES;
				CLANG_WARN_INT_CONVERSION = YES;
				CLANG_WARN_NON_LITERAL_NULL_CONVERSION = YES;
				CLANG_WARN_OBJC_IMPLICIT_RETAIN_SELF = YES;
				CLANG_WARN_OBJC_LITERAL_CONVERSION = YES;
				CLANG_WARN_OBJC_ROOT_CLASS = YES_ERROR;
				CLANG_WARN_QUOTED_INCLUDE_IN_FRAMEWORK_HEADER = YES;
				CLANG_WARN_RANGE_LOOP_ANALYSIS = YES;
				CLANG_WARN_STRICT_PROTOTYPES = YES;
				CLANG_WARN_SUSPICIOUS_MOVE = YES;
				CLANG_WARN_UNGUARDED_AVAILABILITY = YES_AGGRESSIVE;
				CLANG_WARN_UNREACHABLE_CODE = YES;
				CLANG_WARN__DUPLICATE_METHOD_MATCH = YES;
				COPY_PHASE_STRIP = NO;
				DEBUG_INFORMATION_FORMAT = "dwarf-with-dsym";
				ENABLE_NS_ASSERTIONS = NO;
				ENABLE_STRICT_OBJC_MSGSEND = YES;
				GCC_C_LANGUAGE_STANDARD = gnu11;
				GCC_NO_COMMON_BLOCKS = YES;
				GCC_WARN_64_TO_32_BIT_CONVERSION = YES;
				GCC_WARN_ABOUT_RETURN_TYPE = YES_ERROR;
				GCC_WARN_UNDECLARED_SELECTOR = YES;
				GCC_WARN_UNINITIALIZED_AUTOS = YES_AGGRESSIVE;
				GCC_WARN_UNUSED_FUNCTION = YES;
				GCC_WARN_UNUSED_VARIABLE = YES;
				IPHONEOS_DEPLOYMENT_TARGET = 16.0;
				MTL_ENABLE_DEBUG_INFO = NO;
				MTL_FAST_MATH = YES;
				SDKROOT = iphoneos;
				SWIFT_COMPILATION_MODE = wholemodule;
				SWIFT_OPTIMIZATION_LEVEL = "-O";
				VALIDATE_PRODUCT = YES;
			};
			name = Release;
		};
		D9045A4B290ACAF500CA8967 /* Debug */ = {
			isa = XCBuildConfiguration;
			buildSettings = {
				ASSETCATALOG_COMPILER_APPICON_NAME = AppIcon;
				ASSETCATALOG_COMPILER_GLOBAL_ACCENT_COLOR_NAME = AccentColor;
				CODE_SIGN_STYLE = Automatic;
				CURRENT_PROJECT_VERSION = 1;
				DEVELOPMENT_TEAM = B8NGYASRWZ;
				GENERATE_INFOPLIST_FILE = YES;
				INFOPLIST_FILE = "Feedback-App/Info.plist";
				INFOPLIST_KEY_UIApplicationSupportsIndirectInputEvents = YES;
				INFOPLIST_KEY_UILaunchStoryboardName = LaunchScreen;
				INFOPLIST_KEY_UISupportedInterfaceOrientations_iPad = "UIInterfaceOrientationPortrait UIInterfaceOrientationPortraitUpsideDown UIInterfaceOrientationLandscapeLeft UIInterfaceOrientationLandscapeRight";
				INFOPLIST_KEY_UISupportedInterfaceOrientations_iPhone = "UIInterfaceOrientationPortrait UIInterfaceOrientationLandscapeLeft UIInterfaceOrientationLandscapeRight";
				LD_RUNPATH_SEARCH_PATHS = (
					"$(inherited)",
					"@executable_path/Frameworks",
				);
				MARKETING_VERSION = 1.0;
				PRODUCT_BUNDLE_IDENTIFIER = "lucas-galvao.Feedback-App";
				PRODUCT_NAME = "$(TARGET_NAME)";
				SWIFT_EMIT_LOC_STRINGS = YES;
				SWIFT_VERSION = 5.0;
				TARGETED_DEVICE_FAMILY = "1,2";
			};
			name = Debug;
		};
		D9045A4C290ACAF500CA8967 /* Release */ = {
			isa = XCBuildConfiguration;
			buildSettings = {
				ASSETCATALOG_COMPILER_APPICON_NAME = AppIcon;
				ASSETCATALOG_COMPILER_GLOBAL_ACCENT_COLOR_NAME = AccentColor;
				CODE_SIGN_STYLE = Automatic;
				CURRENT_PROJECT_VERSION = 1;
				DEVELOPMENT_TEAM = B8NGYASRWZ;
				GENERATE_INFOPLIST_FILE = YES;
				INFOPLIST_FILE = "Feedback-App/Info.plist";
				INFOPLIST_KEY_UIApplicationSupportsIndirectInputEvents = YES;
				INFOPLIST_KEY_UILaunchStoryboardName = LaunchScreen;
				INFOPLIST_KEY_UISupportedInterfaceOrientations_iPad = "UIInterfaceOrientationPortrait UIInterfaceOrientationPortraitUpsideDown UIInterfaceOrientationLandscapeLeft UIInterfaceOrientationLandscapeRight";
				INFOPLIST_KEY_UISupportedInterfaceOrientations_iPhone = "UIInterfaceOrientationPortrait UIInterfaceOrientationLandscapeLeft UIInterfaceOrientationLandscapeRight";
				LD_RUNPATH_SEARCH_PATHS = (
					"$(inherited)",
					"@executable_path/Frameworks",
				);
				MARKETING_VERSION = 1.0;
				PRODUCT_BUNDLE_IDENTIFIER = "lucas-galvao.Feedback-App";
				PRODUCT_NAME = "$(TARGET_NAME)";
				SWIFT_EMIT_LOC_STRINGS = YES;
				SWIFT_VERSION = 5.0;
				TARGETED_DEVICE_FAMILY = "1,2";
			};
			name = Release;
		};
/* End XCBuildConfiguration section */

/* Begin XCConfigurationList section */
		D9045A31290ACAF400CA8967 /* Build configuration list for PBXProject "Feedback-App" */ = {
			isa = XCConfigurationList;
			buildConfigurations = (
				D9045A48290ACAF500CA8967 /* Debug */,
				D9045A49290ACAF500CA8967 /* Release */,
			);
			defaultConfigurationIsVisible = 0;
			defaultConfigurationName = Release;
		};
		D9045A4A290ACAF500CA8967 /* Build configuration list for PBXNativeTarget "Feedback-App" */ = {
			isa = XCConfigurationList;
			buildConfigurations = (
				D9045A4B290ACAF500CA8967 /* Debug */,
				D9045A4C290ACAF500CA8967 /* Release */,
			);
			defaultConfigurationIsVisible = 0;
			defaultConfigurationName = Release;
		};
/* End XCConfigurationList section */
	};
	rootObject = D9045A2E290ACAF400CA8967 /* Project object */;
}
